
Microsoft Visual Studio Solution File, Format Version 12.00
# Visual Studio Version 17
VisualStudioVersion = 17.5.33516.290
MinimumVisualStudioVersion = 10.0.40219.1
Project("{FAE04EC0-301F-11D3-BF4B-00C04F79EFBC}") = "GraphicalGameProject", "GraphicalGameProject\GraphicalGameProject.csproj", "{BB775A24-C64A-4D96-A875-5589A15149D3}"
EndProject
Global
	GlobalSection(SolutionConfigurationPlatforms) = preSolution
		Debug|Any CPU = Debug|Any CPU
		Release|Any CPU = Release|Any CPU
	EndGlobalSection
	GlobalSection(ProjectConfigurationPlatforms) = postSolution
		{BB775A24-C64A-4D96-A875-5589A15149D3}.Debug|Any CPU.ActiveCfg = Debug|Any CPU
		{BB775A24-C64A-4D96-A875-5589A15149D3}.Debug|Any CPU.Build.0 = Debug|Any CPU
		{BB775A24-C64A-4D96-A875-5589A15149D3}.Release|Any CPU.ActiveCfg = Release|Any CPU
		{BB775A24-C64A-4D96-A875-5589A15149D3}.Release|Any CPU.Build.0 = Release|Any CPU
	EndGlobalSection
	GlobalSection(SolutionProperties) = preSolution
		HideSolutionNode = FALSE
	EndGlobalSection
	GlobalSection(ExtensibilityGlobals) = postSolution
		SolutionGuid = {C8DD01C3-0975-431D-BC74-B68583D40636}
	EndGlobalSection
EndGlobal
